
Microsoft Visual Studio Solution File, Format Version 12.00
# Visual Studio 15
Project("{FAE04EC0-301F-11D3-BF4B-00C04F79EFBC}") = "UnityEngine.TestRunner", "UnityEngine.TestRunner.csproj", "{D4E5FC22-E856-5B25-83FC-143FF447C271}"
EndProject
Project("{FAE04EC0-301F-11D3-BF4B-00C04F79EFBC}") = "UnityEngine.UI", "UnityEngine.UI.csproj", "{EE2F8C13-E216-4CAE-242C-E23D318DB44D}"
EndProject
Project("{FAE04EC0-301F-11D3-BF4B-00C04F79EFBC}") = "Unity.VisualScripting.Flow", "Unity.VisualScripting.Flow.csproj", "{C46DDDE6-118C-80A7-B111-2BEEA22F0058}"
EndProject
Project("{FAE04EC0-301F-11D3-BF4B-00C04F79EFBC}") = "Unity.Services.Core.Telemetry", "Unity.Services.Core.Telemetry.csproj", "{7FB2F630-B01B-9775-5A45-3235E0C8B2F4}"
EndProject
Project("{FAE04EC0-301F-11D3-BF4B-00C04F79EFBC}") = "Unity.InputSystem", "Unity.InputSystem.csproj", "{07BCF2D4-031E-308A-872B-F32AC3508C30}"
EndProject
Project("{FAE04EC0-301F-11D3-BF4B-00C04F79EFBC}") = "Unity.VisualScripting.State", "Unity.VisualScripting.State.csproj", "{1365DE2D-2513-8FD0-ED4D-BEBD300F8848}"
EndProject
Project("{FAE04EC0-301F-11D3-BF4B-00C04F79EFBC}") = "Unity.VisualScripting.Core", "Unity.VisualScripting.Core.csproj", "{CCCCC29E-F8FC-05B0-86D3-68A749FE9F33}"
EndProject
Project("{FAE04EC0-301F-11D3-BF4B-00C04F79EFBC}") = "Unity.Postprocessing.Runtime", "Unity.Postprocessing.Runtime.csproj", "{FDB9D616-982F-2AA7-A90E-6CF697ED7D2E}"
EndProject
Project("{FAE04EC0-301F-11D3-BF4B-00C04F79EFBC}") = "Unity.Services.Core.Environments.Internal", "Unity.Services.Core.Environments.Internal.csproj", "{D3505F5B-4BF8-1FEB-E9F7-72FB4233479E}"
EndProject
Project("{FAE04EC0-301F-11D3-BF4B-00C04F79EFBC}") = "Unity.TextMeshPro", "Unity.TextMeshPro.csproj", "{290C7853-DFD4-8C61-479B-58A417F26191}"
EndProject
Project("{FAE04EC0-301F-11D3-BF4B-00C04F79EFBC}") = "Cinemachine", "Cinemachine.csproj", "{866F92AB-8F19-87F0-9FBC-BF6DD2F66F05}"
EndProject
Project("{FAE04EC0-301F-11D3-BF4B-00C04F79EFBC}") = "Unity.Timeline", "Unity.Timeline.csproj", "{498B0ED2-9DB7-09B1-16FE-D1B03C872A5B}"
EndProject
Project("{FAE04EC0-301F-11D3-BF4B-00C04F79EFBC}") = "Unity.Services.Core", "Unity.Services.Core.csproj", "{E3B4FAD9-B8D3-3BE4-8F7B-4D375C6BEB77}"
EndProject
Project("{FAE04EC0-301F-11D3-BF4B-00C04F79EFBC}") = "Assembly-CSharp", "Assembly-CSharp.csproj", "{42BD6E5C-C6F0-1618-A195-8A5C1269CDA1}"
EndProject
Project("{FAE04EC0-301F-11D3-BF4B-00C04F79EFBC}") = "Unity.Services.Core.Environments", "Unity.Services.Core.Environments.csproj", "{66E0A0E9-7B09-3FC4-F531-82869629A252}"
EndProject
Project("{FAE04EC0-301F-11D3-BF4B-00C04F79EFBC}") = "Unity.Services.Core.Internal", "Unity.Services.Core.Internal.csproj", "{13C26594-E4F9-6D27-5C0F-2859AD208670}"
EndProject
Project("{FAE04EC0-301F-11D3-BF4B-00C04F79EFBC}") = "Unity.Services.Core.Analytics", "Unity.Services.Core.Analytics.csproj", "{0B27E6BE-EE16-16B2-8E3D-3FED884DA9E0}"
EndProject
Project("{FAE04EC0-301F-11D3-BF4B-00C04F79EFBC}") = "Unity.Services.Core.Scheduler", "Unity.Services.Core.Scheduler.csproj", "{B33CD543-B2E6-25D0-A617-A909BF3E6BAD}"
EndProject
Project("{FAE04EC0-301F-11D3-BF4B-00C04F79EFBC}") = "Unity.Services.Core.Registration", "Unity.Services.Core.Registration.csproj", "{79A23F74-8044-796F-4427-9255823EBF74}"
EndProject
Project("{FAE04EC0-301F-11D3-BF4B-00C04F79EFBC}") = "Unity.Services.Core.Device", "Unity.Services.Core.Device.csproj", "{4951DE89-3438-0784-4410-C8E22DE56586}"
EndProject
Project("{FAE04EC0-301F-11D3-BF4B-00C04F79EFBC}") = "Unity.Services.Core.Threading", "Unity.Services.Core.Threading.csproj", "{A49A252D-03F3-3EC2-838B-7684809C32B3}"
EndProject
Project("{FAE04EC0-301F-11D3-BF4B-00C04F79EFBC}") = "Unity.Services.Core.Networking", "Unity.Services.Core.Networking.csproj", "{246BE1A1-6855-186C-6122-6669FF92D084}"
EndProject
Project("{FAE04EC0-301F-11D3-BF4B-00C04F79EFBC}") = "Unity.Services.Core.Configuration", "Unity.Services.Core.Configuration.csproj", "{EA202A6A-0F46-3734-4038-F5FC778498D7}"
EndProject
Project("{FAE04EC0-301F-11D3-BF4B-00C04F79EFBC}") = "Unity.PlasticSCM.Editor", "Unity.PlasticSCM.Editor.csproj", "{FCE96A41-892F-32B4-8E97-9E5A8C7BB813}"
EndProject
Project("{FAE04EC0-301F-11D3-BF4B-00C04F79EFBC}") = "Unity.VisualScripting.Core.Editor", "Unity.VisualScripting.Core.Editor.csproj", "{10BDFB96-61EA-2225-92E9-1B1F96D1231C}"
EndProject
Project("{FAE04EC0-301F-11D3-BF4B-00C04F79EFBC}") = "Unity.VisualScripting.Flow.Editor", "Unity.VisualScripting.Flow.Editor.csproj", "{3847767C-0CF0-380E-2D2A-43058AF22403}"
EndProject
Project("{FAE04EC0-301F-11D3-BF4B-00C04F79EFBC}") = "Unity.VisualStudio.Editor", "Unity.VisualStudio.Editor.csproj", "{0E14AE50-54B3-BA45-2F3B-C2E28D1C9644}"
EndProject
Project("{FAE04EC0-301F-11D3-BF4B-00C04F79EFBC}") = "Unity.Timeline.Editor", "Unity.Timeline.Editor.csproj", "{9F8CF109-9F3E-943A-75C1-CAA65B3E8512}"
EndProject
Project("{FAE04EC0-301F-11D3-BF4B-00C04F79EFBC}") = "com.unity.cinemachine.editor", "com.unity.cinemachine.editor.csproj", "{B43C6924-A514-BE2F-CB31-C67E89B797EA}"
EndProject
Project("{FAE04EC0-301F-11D3-BF4B-00C04F79EFBC}") = "Unity.VisualScripting.State.Editor", "Unity.VisualScripting.State.Editor.csproj", "{299B2079-7799-6736-6E82-D1E71B766D7D}"
EndProject
Project("{FAE04EC0-301F-11D3-BF4B-00C04F79EFBC}") = "Unity.TextMeshPro.Editor", "Unity.TextMeshPro.Editor.csproj", "{F809402C-EADE-BD27-2214-76F5A28F60FE}"
EndProject
Project("{FAE04EC0-301F-11D3-BF4B-00C04F79EFBC}") = "Unity.VisualScripting.SettingsProvider.Editor", "Unity.VisualScripting.SettingsProvider.Editor.csproj", "{B51BE4CA-6FD0-13B3-E7F5-0D95AD46B8B5}"
EndProject
Project("{FAE04EC0-301F-11D3-BF4B-00C04F79EFBC}") = "Unity.CollabProxy.Editor", "Unity.CollabProxy.Editor.csproj", "{286115B4-A51F-50FC-1797-D6669F530F97}"
EndProject
Project("{FAE04EC0-301F-11D3-BF4B-00C04F79EFBC}") = "Unity.Postprocessing.Editor", "Unity.Postprocessing.Editor.csproj", "{59B0AF3F-D285-A7B5-2015-CA2A1888CC03}"
EndProject
Project("{FAE04EC0-301F-11D3-BF4B-00C04F79EFBC}") = "UnityEditor.TestRunner", "UnityEditor.TestRunner.csproj", "{BF1B8DFB-B6C1-27B7-E8D1-DA815729C994}"
EndProject
Project("{FAE04EC0-301F-11D3-BF4B-00C04F79EFBC}") = "Unity.Services.Core.Editor", "Unity.Services.Core.Editor.csproj", "{C0BBD216-D851-FBAB-B96E-F1377D226011}"
EndProject
Project("{FAE04EC0-301F-11D3-BF4B-00C04F79EFBC}") = "Unity.TestTools.CodeCoverage.Editor", "Unity.TestTools.CodeCoverage.Editor.csproj", "{60118A38-E74D-6E6D-05CC-A12C0A635CF2}"
EndProject
Project("{FAE04EC0-301F-11D3-BF4B-00C04F79EFBC}") = "Unity.Rider.Editor", "Unity.Rider.Editor.csproj", "{4170238B-8439-64D2-C3CB-2B6D44CE0A69}"
EndProject
Project("{FAE04EC0-301F-11D3-BF4B-00C04F79EFBC}") = "Unity.Performance.Profile-Analyzer.Editor", "Unity.Performance.Profile-Analyzer.Editor.csproj", "{2A5D792F-9126-5E80-0C7C-3D2CA68B69CF}"
EndProject
Project("{FAE04EC0-301F-11D3-BF4B-00C04F79EFBC}") = "Unity.VSCode.Editor", "Unity.VSCode.Editor.csproj", "{2E43B4D2-F3D2-FFB9-3A81-F0860BB6C7F6}"
EndProject
Project("{FAE04EC0-301F-11D3-BF4B-00C04F79EFBC}") = "Unity.2D.Sprite.Editor", "Unity.2D.Sprite.Editor.csproj", "{FD345900-0404-208C-B22F-D4C46F2355F8}"
EndProject
Project("{FAE04EC0-301F-11D3-BF4B-00C04F79EFBC}") = "UnityEditor.UI", "UnityEditor.UI.csproj", "{FC4E6A92-836C-0847-BDB7-337F4626EA8C}"
EndProject
Project("{FAE04EC0-301F-11D3-BF4B-00C04F79EFBC}") = "Unity.TestTools.CodeCoverage.Editor.OpenCover.Model", "Unity.TestTools.CodeCoverage.Editor.OpenCover.Model.csproj", "{B6907CD7-322D-9809-5377-DD086F699DAE}"
EndProject
Project("{FAE04EC0-301F-11D3-BF4B-00C04F79EFBC}") = "Unity.EditorCoroutines.Editor", "Unity.EditorCoroutines.Editor.csproj", "{2883F673-AEEF-CD09-E2E6-1639651557E5}"
EndProject
Project("{FAE04EC0-301F-11D3-BF4B-00C04F79EFBC}") = "Unity.Settings.Editor", "Unity.Settings.Editor.csproj", "{6A902C9A-2CD6-52FC-6BCF-845DB6D83656}"
EndProject
Project("{FAE04EC0-301F-11D3-BF4B-00C04F79EFBC}") = "Unity.Services.Core.Configuration.Editor", "Unity.Services.Core.Configuration.Editor.csproj", "{5909AA38-FF6F-81B5-33CB-B3E8E05FE9FE}"
EndProject
Project("{FAE04EC0-301F-11D3-BF4B-00C04F79EFBC}") = "Unity.TestTools.CodeCoverage.Editor.OpenCover.Mono.Reflection", "Unity.TestTools.CodeCoverage.Editor.OpenCover.Mono.Reflection.csproj", "{84EB4D71-41FF-0AED-0AAF-FCFBC338FF51}"
EndProject
Project("{FAE04EC0-301F-11D3-BF4B-00C04F79EFBC}") = "Unity.VisualScripting.Shared.Editor", "Unity.VisualScripting.Shared.Editor.csproj", "{7B1BE8E4-9F92-DAAC-9DCB-D280FCEED158}"
EndProject
Project("{FAE04EC0-301F-11D3-BF4B-00C04F79EFBC}") = "UnityEngine.TestRunner", "UnityEngine.TestRunner.Player.csproj", "{5F44C000-021A-7FA1-097A-650BA5084E82}"
EndProject
Project("{FAE04EC0-301F-11D3-BF4B-00C04F79EFBC}") = "UnityEngine.UI", "UnityEngine.UI.Player.csproj", "{ABFC1854-35FE-74C7-D62B-8314F9C5B78C}"
EndProject
Project("{FAE04EC0-301F-11D3-BF4B-00C04F79EFBC}") = "Unity.VisualScripting.Flow", "Unity.VisualScripting.Flow.Player.csproj", "{7F305FB6-2E04-092C-C036-1966A8CE7A7B}"
EndProject
Project("{FAE04EC0-301F-11D3-BF4B-00C04F79EFBC}") = "Unity.Services.Core.Telemetry", "Unity.Services.Core.Telemetry.Player.csproj", "{6052B333-C64F-0511-69BA-E79D5739EB0E}"
EndProject
Project("{FAE04EC0-301F-11D3-BF4B-00C04F79EFBC}") = "Unity.InputSystem", "Unity.InputSystem.Player.csproj", "{D84374B9-DB25-8795-1538-BA5488F225EE}"
EndProject
Project("{FAE04EC0-301F-11D3-BF4B-00C04F79EFBC}") = "Unity.VisualScripting.State", "Unity.VisualScripting.State.Player.csproj", "{4806D8C2-965B-E0FA-1FE1-3D85855C0726}"
EndProject
Project("{FAE04EC0-301F-11D3-BF4B-00C04F79EFBC}") = "Unity.VisualScripting.Core", "Unity.VisualScripting.Core.Player.csproj", "{B479CCA2-BE34-CABD-7DBA-3E6C41A31B13}"
EndProject
Project("{FAE04EC0-301F-11D3-BF4B-00C04F79EFBC}") = "Unity.Postprocessing.Runtime", "Unity.Postprocessing.Runtime.Player.csproj", "{861C2EBB-08FE-F91A-32AD-36100A3DF664}"
EndProject
Project("{FAE04EC0-301F-11D3-BF4B-00C04F79EFBC}") = "Unity.Services.Core.Environments.Internal", "Unity.Services.Core.Environments.Internal.Player.csproj", "{EBA0C23B-92B6-72F1-2251-758DC1F9F1B0}"
EndProject
Project("{FAE04EC0-301F-11D3-BF4B-00C04F79EFBC}") = "Unity.TextMeshPro", "Unity.TextMeshPro.Player.csproj", "{8405B44E-8F50-BB1F-C617-338924324F85}"
EndProject
Project("{FAE04EC0-301F-11D3-BF4B-00C04F79EFBC}") = "Cinemachine", "Cinemachine.Player.csproj", "{5728D1BE-9F5E-FE90-B6B5-B0E67A097B5F}"
EndProject
Project("{FAE04EC0-301F-11D3-BF4B-00C04F79EFBC}") = "Unity.Timeline", "Unity.Timeline.Player.csproj", "{27455F5E-A7BB-BA09-63F5-8F153B1C31A8}"
EndProject
Project("{FAE04EC0-301F-11D3-BF4B-00C04F79EFBC}") = "Unity.Services.Core", "Unity.Services.Core.Player.csproj", "{41CAD109-AED6-4C5F-D408-19BD091EF901}"
EndProject
Project("{FAE04EC0-301F-11D3-BF4B-00C04F79EFBC}") = "Assembly-CSharp", "Assembly-CSharp.Player.csproj", "{4AB1B95B-DB2F-0F31-D0BE-23928778BDC1}"
EndProject
Project("{FAE04EC0-301F-11D3-BF4B-00C04F79EFBC}") = "Unity.Services.Core.Environments", "Unity.Services.Core.Environments.Player.csproj", "{C9EB3828-4E7A-CA2A-E9C1-01A64FA47C04}"
EndProject
Project("{FAE04EC0-301F-11D3-BF4B-00C04F79EFBC}") = "Unity.Services.Core.Internal", "Unity.Services.Core.Internal.Player.csproj", "{18F726C0-FFD1-E1EE-910A-AA128CAABC6A}"
EndProject
Project("{FAE04EC0-301F-11D3-BF4B-00C04F79EFBC}") = "Unity.Services.Core.Analytics", "Unity.Services.Core.Analytics.Player.csproj", "{3B17FF46-8BB9-E819-8983-CBFE0114B535}"
EndProject
Project("{FAE04EC0-301F-11D3-BF4B-00C04F79EFBC}") = "Unity.Services.Core.Scheduler", "Unity.Services.Core.Scheduler.Player.csproj", "{0D2DA17C-5D6C-58AC-9BE6-83A2E299847F}"
EndProject
Project("{FAE04EC0-301F-11D3-BF4B-00C04F79EFBC}") = "Unity.Services.Core.Registration", "Unity.Services.Core.Registration.Player.csproj", "{CD5559C5-EC50-0DDF-A05A-A2C4B951188C}"
EndProject
Project("{FAE04EC0-301F-11D3-BF4B-00C04F79EFBC}") = "Unity.Services.Core.Device", "Unity.Services.Core.Device.Player.csproj", "{4F0A1EA7-926B-BEB4-AEE6-B4996D545DD8}"
EndProject
Project("{FAE04EC0-301F-11D3-BF4B-00C04F79EFBC}") = "Unity.Services.Core.Threading", "Unity.Services.Core.Threading.Player.csproj", "{85EF7B4D-97E6-1CD6-7A14-7E6B686AF917}"
EndProject
Project("{FAE04EC0-301F-11D3-BF4B-00C04F79EFBC}") = "Unity.Services.Core.Networking", "Unity.Services.Core.Networking.Player.csproj", "{C3AD506D-3567-9494-9A09-78CC8390F09C}"
EndProject
Project("{FAE04EC0-301F-11D3-BF4B-00C04F79EFBC}") = "Unity.Services.Core.Configuration", "Unity.Services.Core.Configuration.Player.csproj", "{7CE7883D-B247-025B-3435-D10DA677C36A}"
EndProject
Global
	GlobalSection(SolutionConfigurationPlatforms) = preSolution
		Debug|Any CPU = Debug|Any CPU
		Release|Any CPU = Release|Any CPU
	EndGlobalSection
	GlobalSection(ProjectConfigurationPlatforms) = postSolution
		{D4E5FC22-E856-5B25-83FC-143FF447C271}.Debug|Any CPU.ActiveCfg = Debug|Any CPU
		{D4E5FC22-E856-5B25-83FC-143FF447C271}.Debug|Any CPU.Build.0 = Debug|Any CPU
		{D4E5FC22-E856-5B25-83FC-143FF447C271}.Release|Any CPU.ActiveCfg = Release|Any CPU
		{D4E5FC22-E856-5B25-83FC-143FF447C271}.Release|Any CPU.Build.0 = Release|Any CPU
		{EE2F8C13-E216-4CAE-242C-E23D318DB44D}.Debug|Any CPU.ActiveCfg = Debug|Any CPU
		{EE2F8C13-E216-4CAE-242C-E23D318DB44D}.Debug|Any CPU.Build.0 = Debug|Any CPU
		{EE2F8C13-E216-4CAE-242C-E23D318DB44D}.Release|Any CPU.ActiveCfg = Release|Any CPU
		{EE2F8C13-E216-4CAE-242C-E23D318DB44D}.Release|Any CPU.Build.0 = Release|Any CPU
		{C46DDDE6-118C-80A7-B111-2BEEA22F0058}.Debug|Any CPU.ActiveCfg = Debug|Any CPU
		{C46DDDE6-118C-80A7-B111-2BEEA22F0058}.Debug|Any CPU.Build.0 = Debug|Any CPU
		{C46DDDE6-118C-80A7-B111-2BEEA22F0058}.Release|Any CPU.ActiveCfg = Release|Any CPU
		{C46DDDE6-118C-80A7-B111-2BEEA22F0058}.Release|Any CPU.Build.0 = Release|Any CPU
		{7FB2F630-B01B-9775-5A45-3235E0C8B2F4}.Debug|Any CPU.ActiveCfg = Debug|Any CPU
		{7FB2F630-B01B-9775-5A45-3235E0C8B2F4}.Debug|Any CPU.Build.0 = Debug|Any CPU
		{7FB2F630-B01B-9775-5A45-3235E0C8B2F4}.Release|Any CPU.ActiveCfg = Release|Any CPU
		{7FB2F630-B01B-9775-5A45-3235E0C8B2F4}.Release|Any CPU.Build.0 = Release|Any CPU
		{07BCF2D4-031E-308A-872B-F32AC3508C30}.Debug|Any CPU.ActiveCfg = Debug|Any CPU
		{07BCF2D4-031E-308A-872B-F32AC3508C30}.Debug|Any CPU.Build.0 = Debug|Any CPU
		{07BCF2D4-031E-308A-872B-F32AC3508C30}.Release|Any CPU.ActiveCfg = Release|Any CPU
		{07BCF2D4-031E-308A-872B-F32AC3508C30}.Release|Any CPU.Build.0 = Release|Any CPU
		{1365DE2D-2513-8FD0-ED4D-BEBD300F8848}.Debug|Any CPU.ActiveCfg = Debug|Any CPU
		{1365DE2D-2513-8FD0-ED4D-BEBD300F8848}.Debug|Any CPU.Build.0 = Debug|Any CPU
		{1365DE2D-2513-8FD0-ED4D-BEBD300F8848}.Release|Any CPU.ActiveCfg = Release|Any CPU
		{1365DE2D-2513-8FD0-ED4D-BEBD300F8848}.Release|Any CPU.Build.0 = Release|Any CPU
		{CCCCC29E-F8FC-05B0-86D3-68A749FE9F33}.Debug|Any CPU.ActiveCfg = Debug|Any CPU
		{CCCCC29E-F8FC-05B0-86D3-68A749FE9F33}.Debug|Any CPU.Build.0 = Debug|Any CPU
		{CCCCC29E-F8FC-05B0-86D3-68A749FE9F33}.Release|Any CPU.ActiveCfg = Release|Any CPU
		{CCCCC29E-F8FC-05B0-86D3-68A749FE9F33}.Release|Any CPU.Build.0 = Release|Any CPU
		{FDB9D616-982F-2AA7-A90E-6CF697ED7D2E}.Debug|Any CPU.ActiveCfg = Debug|Any CPU
		{FDB9D616-982F-2AA7-A90E-6CF697ED7D2E}.Debug|Any CPU.Build.0 = Debug|Any CPU
		{FDB9D616-982F-2AA7-A90E-6CF697ED7D2E}.Release|Any CPU.ActiveCfg = Release|Any CPU
		{FDB9D616-982F-2AA7-A90E-6CF697ED7D2E}.Release|Any CPU.Build.0 = Release|Any CPU
		{D3505F5B-4BF8-1FEB-E9F7-72FB4233479E}.Debug|Any CPU.ActiveCfg = Debug|Any CPU
		{D3505F5B-4BF8-1FEB-E9F7-72FB4233479E}.Debug|Any CPU.Build.0 = Debug|Any CPU
		{D3505F5B-4BF8-1FEB-E9F7-72FB4233479E}.Release|Any CPU.ActiveCfg = Release|Any CPU
		{D3505F5B-4BF8-1FEB-E9F7-72FB4233479E}.Release|Any CPU.Build.0 = Release|Any CPU
		{290C7853-DFD4-8C61-479B-58A417F26191}.Debug|Any CPU.ActiveCfg = Debug|Any CPU
		{290C7853-DFD4-8C61-479B-58A417F26191}.Debug|Any CPU.Build.0 = Debug|Any CPU
		{290C7853-DFD4-8C61-479B-58A417F26191}.Release|Any CPU.ActiveCfg = Release|Any CPU
		{290C7853-DFD4-8C61-479B-58A417F26191}.Release|Any CPU.Build.0 = Release|Any CPU
		{866F92AB-8F19-87F0-9FBC-BF6DD2F66F05}.Debug|Any CPU.ActiveCfg = Debug|Any CPU
		{866F92AB-8F19-87F0-9FBC-BF6DD2F66F05}.Debug|Any CPU.Build.0 = Debug|Any CPU
		{866F92AB-8F19-87F0-9FBC-BF6DD2F66F05}.Release|Any CPU.ActiveCfg = Release|Any CPU
		{866F92AB-8F19-87F0-9FBC-BF6DD2F66F05}.Release|Any CPU.Build.0 = Release|Any CPU
		{498B0ED2-9DB7-09B1-16FE-D1B03C872A5B}.Debug|Any CPU.ActiveCfg = Debug|Any CPU
		{498B0ED2-9DB7-09B1-16FE-D1B03C872A5B}.Debug|Any CPU.Build.0 = Debug|Any CPU
		{498B0ED2-9DB7-09B1-16FE-D1B03C872A5B}.Release|Any CPU.ActiveCfg = Release|Any CPU
		{498B0ED2-9DB7-09B1-16FE-D1B03C872A5B}.Release|Any CPU.Build.0 = Release|Any CPU
		{E3B4FAD9-B8D3-3BE4-8F7B-4D375C6BEB77}.Debug|Any CPU.ActiveCfg = Debug|Any CPU
		{E3B4FAD9-B8D3-3BE4-8F7B-4D375C6BEB77}.Debug|Any CPU.Build.0 = Debug|Any CPU
		{E3B4FAD9-B8D3-3BE4-8F7B-4D375C6BEB77}.Release|Any CPU.ActiveCfg = Release|Any CPU
		{E3B4FAD9-B8D3-3BE4-8F7B-4D375C6BEB77}.Release|Any CPU.Build.0 = Release|Any CPU
		{42BD6E5C-C6F0-1618-A195-8A5C1269CDA1}.Debug|Any CPU.ActiveCfg = Debug|Any CPU
		{42BD6E5C-C6F0-1618-A195-8A5C1269CDA1}.Debug|Any CPU.Build.0 = Debug|Any CPU
		{42BD6E5C-C6F0-1618-A195-8A5C1269CDA1}.Release|Any CPU.ActiveCfg = Release|Any CPU
		{42BD6E5C-C6F0-1618-A195-8A5C1269CDA1}.Release|Any CPU.Build.0 = Release|Any CPU
		{66E0A0E9-7B09-3FC4-F531-82869629A252}.Debug|Any CPU.ActiveCfg = Debug|Any CPU
		{66E0A0E9-7B09-3FC4-F531-82869629A252}.Debug|Any CPU.Build.0 = Debug|Any CPU
		{66E0A0E9-7B09-3FC4-F531-82869629A252}.Release|Any CPU.ActiveCfg = Release|Any CPU
		{66E0A0E9-7B09-3FC4-F531-82869629A252}.Release|Any CPU.Build.0 = Release|Any CPU
		{13C26594-E4F9-6D27-5C0F-2859AD208670}.Debug|Any CPU.ActiveCfg = Debug|Any CPU
		{13C26594-E4F9-6D27-5C0F-2859AD208670}.Debug|Any CPU.Build.0 = Debug|Any CPU
		{13C26594-E4F9-6D27-5C0F-2859AD208670}.Release|Any CPU.ActiveCfg = Release|Any CPU
		{13C26594-E4F9-6D27-5C0F-2859AD208670}.Release|Any CPU.Build.0 = Release|Any CPU
		{0B27E6BE-EE16-16B2-8E3D-3FED884DA9E0}.Debug|Any CPU.ActiveCfg = Debug|Any CPU
		{0B27E6BE-EE16-16B2-8E3D-3FED884DA9E0}.Debug|Any CPU.Build.0 = Debug|Any CPU
		{0B27E6BE-EE16-16B2-8E3D-3FED884DA9E0}.Release|Any CPU.ActiveCfg = Release|Any CPU
		{0B27E6BE-EE16-16B2-8E3D-3FED884DA9E0}.Release|Any CPU.Build.0 = Release|Any CPU
		{B33CD543-B2E6-25D0-A617-A909BF3E6BAD}.Debug|Any CPU.ActiveCfg = Debug|Any CPU
		{B33CD543-B2E6-25D0-A617-A909BF3E6BAD}.Debug|Any CPU.Build.0 = Debug|Any CPU
		{B33CD543-B2E6-25D0-A617-A909BF3E6BAD}.Release|Any CPU.ActiveCfg = Release|Any CPU
		{B33CD543-B2E6-25D0-A617-A909BF3E6BAD}.Release|Any CPU.Build.0 = Release|Any CPU
		{79A23F74-8044-796F-4427-9255823EBF74}.Debug|Any CPU.ActiveCfg = Debug|Any CPU
		{79A23F74-8044-796F-4427-9255823EBF74}.Debug|Any CPU.Build.0 = Debug|Any CPU
		{79A23F74-8044-796F-4427-9255823EBF74}.Release|Any CPU.ActiveCfg = Release|Any CPU
		{79A23F74-8044-796F-4427-9255823EBF74}.Release|Any CPU.Build.0 = Release|Any CPU
		{4951DE89-3438-0784-4410-C8E22DE56586}.Debug|Any CPU.ActiveCfg = Debug|Any CPU
		{4951DE89-3438-0784-4410-C8E22DE56586}.Debug|Any CPU.Build.0 = Debug|Any CPU
		{4951DE89-3438-0784-4410-C8E22DE56586}.Release|Any CPU.ActiveCfg = Release|Any CPU
		{4951DE89-3438-0784-4410-C8E22DE56586}.Release|Any CPU.Build.0 = Release|Any CPU
		{A49A252D-03F3-3EC2-838B-7684809C32B3}.Debug|Any CPU.ActiveCfg = Debug|Any CPU
		{A49A252D-03F3-3EC2-838B-7684809C32B3}.Debug|Any CPU.Build.0 = Debug|Any CPU
		{A49A252D-03F3-3EC2-838B-7684809C32B3}.Release|Any CPU.ActiveCfg = Release|Any CPU
		{A49A252D-03F3-3EC2-838B-7684809C32B3}.Release|Any CPU.Build.0 = Release|Any CPU
		{246BE1A1-6855-186C-6122-6669FF92D084}.Debug|Any CPU.ActiveCfg = Debug|Any CPU
		{246BE1A1-6855-186C-6122-6669FF92D084}.Debug|Any CPU.Build.0 = Debug|Any CPU
		{246BE1A1-6855-186C-6122-6669FF92D084}.Release|Any CPU.ActiveCfg = Release|Any CPU
		{246BE1A1-6855-186C-6122-6669FF92D084}.Release|Any CPU.Build.0 = Release|Any CPU
		{EA202A6A-0F46-3734-4038-F5FC778498D7}.Debug|Any CPU.ActiveCfg = Debug|Any CPU
		{EA202A6A-0F46-3734-4038-F5FC778498D7}.Debug|Any CPU.Build.0 = Debug|Any CPU
		{EA202A6A-0F46-3734-4038-F5FC778498D7}.Release|Any CPU.ActiveCfg = Release|Any CPU
		{EA202A6A-0F46-3734-4038-F5FC778498D7}.Release|Any CPU.Build.0 = Release|Any CPU
		{FCE96A41-892F-32B4-8E97-9E5A8C7BB813}.Debug|Any CPU.ActiveCfg = Debug|Any CPU
		{FCE96A41-892F-32B4-8E97-9E5A8C7BB813}.Debug|Any CPU.Build.0 = Debug|Any CPU
		{FCE96A41-892F-32B4-8E97-9E5A8C7BB813}.Release|Any CPU.ActiveCfg = Release|Any CPU
		{FCE96A41-892F-32B4-8E97-9E5A8C7BB813}.Release|Any CPU.Build.0 = Release|Any CPU
		{10BDFB96-61EA-2225-92E9-1B1F96D1231C}.Debug|Any CPU.ActiveCfg = Debug|Any CPU
		{10BDFB96-61EA-2225-92E9-1B1F96D1231C}.Debug|Any CPU.Build.0 = Debug|Any CPU
		{10BDFB96-61EA-2225-92E9-1B1F96D1231C}.Release|Any CPU.ActiveCfg = Release|Any CPU
		{10BDFB96-61EA-2225-92E9-1B1F96D1231C}.Release|Any CPU.Build.0 = Release|Any CPU
		{3847767C-0CF0-380E-2D2A-43058AF22403}.Debug|Any CPU.ActiveCfg = Debug|Any CPU
		{3847767C-0CF0-380E-2D2A-43058AF22403}.Debug|Any CPU.Build.0 = Debug|Any CPU
		{3847767C-0CF0-380E-2D2A-43058AF22403}.Release|Any CPU.ActiveCfg = Release|Any CPU
		{3847767C-0CF0-380E-2D2A-43058AF22403}.Release|Any CPU.Build.0 = Release|Any CPU
		{0E14AE50-54B3-BA45-2F3B-C2E28D1C9644}.Debug|Any CPU.ActiveCfg = Debug|Any CPU
		{0E14AE50-54B3-BA45-2F3B-C2E28D1C9644}.Debug|Any CPU.Build.0 = Debug|Any CPU
		{0E14AE50-54B3-BA45-2F3B-C2E28D1C9644}.Release|Any CPU.ActiveCfg = Release|Any CPU
		{0E14AE50-54B3-BA45-2F3B-C2E28D1C9644}.Release|Any CPU.Build.0 = Release|Any CPU
		{9F8CF109-9F3E-943A-75C1-CAA65B3E8512}.Debug|Any CPU.ActiveCfg = Debug|Any CPU
		{9F8CF109-9F3E-943A-75C1-CAA65B3E8512}.Debug|Any CPU.Build.0 = Debug|Any CPU
		{9F8CF109-9F3E-943A-75C1-CAA65B3E8512}.Release|Any CPU.ActiveCfg = Release|Any CPU
		{9F8CF109-9F3E-943A-75C1-CAA65B3E8512}.Release|Any CPU.Build.0 = Release|Any CPU
		{B43C6924-A514-BE2F-CB31-C67E89B797EA}.Debug|Any CPU.ActiveCfg = Debug|Any CPU
		{B43C6924-A514-BE2F-CB31-C67E89B797EA}.Debug|Any CPU.Build.0 = Debug|Any CPU
		{B43C6924-A514-BE2F-CB31-C67E89B797EA}.Release|Any CPU.ActiveCfg = Release|Any CPU
		{B43C6924-A514-BE2F-CB31-C67E89B797EA}.Release|Any CPU.Build.0 = Release|Any CPU
		{299B2079-7799-6736-6E82-D1E71B766D7D}.Debug|Any CPU.ActiveCfg = Debug|Any CPU
		{299B2079-7799-6736-6E82-D1E71B766D7D}.Debug|Any CPU.Build.0 = Debug|Any CPU
		{299B2079-7799-6736-6E82-D1E71B766D7D}.Release|Any CPU.ActiveCfg = Release|Any CPU
		{299B2079-7799-6736-6E82-D1E71B766D7D}.Release|Any CPU.Build.0 = Release|Any CPU
		{F809402C-EADE-BD27-2214-76F5A28F60FE}.Debug|Any CPU.ActiveCfg = Debug|Any CPU
		{F809402C-EADE-BD27-2214-76F5A28F60FE}.Debug|Any CPU.Build.0 = Debug|Any CPU
		{F809402C-EADE-BD27-2214-76F5A28F60FE}.Release|Any CPU.ActiveCfg = Release|Any CPU
		{F809402C-EADE-BD27-2214-76F5A28F60FE}.Release|Any CPU.Build.0 = Release|Any CPU
		{B51BE4CA-6FD0-13B3-E7F5-0D95AD46B8B5}.Debug|Any CPU.ActiveCfg = Debug|Any CPU
		{B51BE4CA-6FD0-13B3-E7F5-0D95AD46B8B5}.Debug|Any CPU.Build.0 = Debug|Any CPU
		{B51BE4CA-6FD0-13B3-E7F5-0D95AD46B8B5}.Release|Any CPU.ActiveCfg = Release|Any CPU
		{B51BE4CA-6FD0-13B3-E7F5-0D95AD46B8B5}.Release|Any CPU.Build.0 = Release|Any CPU
		{286115B4-A51F-50FC-1797-D6669F530F97}.Debug|Any CPU.ActiveCfg = Debug|Any CPU
		{286115B4-A51F-50FC-1797-D6669F530F97}.Debug|Any CPU.Build.0 = Debug|Any CPU
		{286115B4-A51F-50FC-1797-D6669F530F97}.Release|Any CPU.ActiveCfg = Release|Any CPU
		{286115B4-A51F-50FC-1797-D6669F530F97}.Release|Any CPU.Build.0 = Release|Any CPU
		{59B0AF3F-D285-A7B5-2015-CA2A1888CC03}.Debug|Any CPU.ActiveCfg = Debug|Any CPU
		{59B0AF3F-D285-A7B5-2015-CA2A1888CC03}.Debug|Any CPU.Build.0 = Debug|Any CPU
		{59B0AF3F-D285-A7B5-2015-CA2A1888CC03}.Release|Any CPU.ActiveCfg = Release|Any CPU
		{59B0AF3F-D285-A7B5-2015-CA2A1888CC03}.Release|Any CPU.Build.0 = Release|Any CPU
		{BF1B8DFB-B6C1-27B7-E8D1-DA815729C994}.Debug|Any CPU.ActiveCfg = Debug|Any CPU
		{BF1B8DFB-B6C1-27B7-E8D1-DA815729C994}.Debug|Any CPU.Build.0 = Debug|Any CPU
		{BF1B8DFB-B6C1-27B7-E8D1-DA815729C994}.Release|Any CPU.ActiveCfg = Release|Any CPU
		{BF1B8DFB-B6C1-27B7-E8D1-DA815729C994}.Release|Any CPU.Build.0 = Release|Any CPU
		{C0BBD216-D851-FBAB-B96E-F1377D226011}.Debug|Any CPU.ActiveCfg = Debug|Any CPU
		{C0BBD216-D851-FBAB-B96E-F1377D226011}.Debug|Any CPU.Build.0 = Debug|Any CPU
		{C0BBD216-D851-FBAB-B96E-F1377D226011}.Release|Any CPU.ActiveCfg = Release|Any CPU
		{C0BBD216-D851-FBAB-B96E-F1377D226011}.Release|Any CPU.Build.0 = Release|Any CPU
		{60118A38-E74D-6E6D-05CC-A12C0A635CF2}.Debug|Any CPU.ActiveCfg = Debug|Any CPU
		{60118A38-E74D-6E6D-05CC-A12C0A635CF2}.Debug|Any CPU.Build.0 = Debug|Any CPU
		{60118A38-E74D-6E6D-05CC-A12C0A635CF2}.Release|Any CPU.ActiveCfg = Release|Any CPU
		{60118A38-E74D-6E6D-05CC-A12C0A635CF2}.Release|Any CPU.Build.0 = Release|Any CPU
		{4170238B-8439-64D2-C3CB-2B6D44CE0A69}.Debug|Any CPU.ActiveCfg = Debug|Any CPU
		{4170238B-8439-64D2-C3CB-2B6D44CE0A69}.Debug|Any CPU.Build.0 = Debug|Any CPU
		{4170238B-8439-64D2-C3CB-2B6D44CE0A69}.Release|Any CPU.ActiveCfg = Release|Any CPU
		{4170238B-8439-64D2-C3CB-2B6D44CE0A69}.Release|Any CPU.Build.0 = Release|Any CPU
		{2A5D792F-9126-5E80-0C7C-3D2CA68B69CF}.Debug|Any CPU.ActiveCfg = Debug|Any CPU
		{2A5D792F-9126-5E80-0C7C-3D2CA68B69CF}.Debug|Any CPU.Build.0 = Debug|Any CPU
		{2A5D792F-9126-5E80-0C7C-3D2CA68B69CF}.Release|Any CPU.ActiveCfg = Release|Any CPU
		{2A5D792F-9126-5E80-0C7C-3D2CA68B69CF}.Release|Any CPU.Build.0 = Release|Any CPU
		{2E43B4D2-F3D2-FFB9-3A81-F0860BB6C7F6}.Debug|Any CPU.ActiveCfg = Debug|Any CPU
		{2E43B4D2-F3D2-FFB9-3A81-F0860BB6C7F6}.Debug|Any CPU.Build.0 = Debug|Any CPU
		{2E43B4D2-F3D2-FFB9-3A81-F0860BB6C7F6}.Release|Any CPU.ActiveCfg = Release|Any CPU
		{2E43B4D2-F3D2-FFB9-3A81-F0860BB6C7F6}.Release|Any CPU.Build.0 = Release|Any CPU
		{FD345900-0404-208C-B22F-D4C46F2355F8}.Debug|Any CPU.ActiveCfg = Debug|Any CPU
		{FD345900-0404-208C-B22F-D4C46F2355F8}.Debug|Any CPU.Build.0 = Debug|Any CPU
		{FD345900-0404-208C-B22F-D4C46F2355F8}.Release|Any CPU.ActiveCfg = Release|Any CPU
		{FD345900-0404-208C-B22F-D4C46F2355F8}.Release|Any CPU.Build.0 = Release|Any CPU
		{FC4E6A92-836C-0847-BDB7-337F4626EA8C}.Debug|Any CPU.ActiveCfg = Debug|Any CPU
		{FC4E6A92-836C-0847-BDB7-337F4626EA8C}.Debug|Any CPU.Build.0 = Debug|Any CPU
		{FC4E6A92-836C-0847-BDB7-337F4626EA8C}.Release|Any CPU.ActiveCfg = Release|Any CPU
		{FC4E6A92-836C-0847-BDB7-337F4626EA8C}.Release|Any CPU.Build.0 = Release|Any CPU
		{B6907CD7-322D-9809-5377-DD086F699DAE}.Debug|Any CPU.ActiveCfg = Debug|Any CPU
		{B6907CD7-322D-9809-5377-DD086F699DAE}.Debug|Any CPU.Build.0 = Debug|Any CPU
		{B6907CD7-322D-9809-5377-DD086F699DAE}.Release|Any CPU.ActiveCfg = Release|Any CPU
		{B6907CD7-322D-9809-5377-DD086F699DAE}.Release|Any CPU.Build.0 = Release|Any CPU
		{2883F673-AEEF-CD09-E2E6-1639651557E5}.Debug|Any CPU.ActiveCfg = Debug|Any CPU
		{2883F673-AEEF-CD09-E2E6-1639651557E5}.Debug|Any CPU.Build.0 = Debug|Any CPU
		{2883F673-AEEF-CD09-E2E6-1639651557E5}.Release|Any CPU.ActiveCfg = Release|Any CPU
		{2883F673-AEEF-CD09-E2E6-1639651557E5}.Release|Any CPU.Build.0 = Release|Any CPU
		{6A902C9A-2CD6-52FC-6BCF-845DB6D83656}.Debug|Any CPU.ActiveCfg = Debug|Any CPU
		{6A902C9A-2CD6-52FC-6BCF-845DB6D83656}.Debug|Any CPU.Build.0 = Debug|Any CPU
		{6A902C9A-2CD6-52FC-6BCF-845DB6D83656}.Release|Any CPU.ActiveCfg = Release|Any CPU
		{6A902C9A-2CD6-52FC-6BCF-845DB6D83656}.Release|Any CPU.Build.0 = Release|Any CPU
		{5909AA38-FF6F-81B5-33CB-B3E8E05FE9FE}.Debug|Any CPU.ActiveCfg = Debug|Any CPU
		{5909AA38-FF6F-81B5-33CB-B3E8E05FE9FE}.Debug|Any CPU.Build.0 = Debug|Any CPU
		{5909AA38-FF6F-81B5-33CB-B3E8E05FE9FE}.Release|Any CPU.ActiveCfg = Release|Any CPU
		{5909AA38-FF6F-81B5-33CB-B3E8E05FE9FE}.Release|Any CPU.Build.0 = Release|Any CPU
		{84EB4D71-41FF-0AED-0AAF-FCFBC338FF51}.Debug|Any CPU.ActiveCfg = Debug|Any CPU
		{84EB4D71-41FF-0AED-0AAF-FCFBC338FF51}.Debug|Any CPU.Build.0 = Debug|Any CPU
		{84EB4D71-41FF-0AED-0AAF-FCFBC338FF51}.Release|Any CPU.ActiveCfg = Release|Any CPU
		{84EB4D71-41FF-0AED-0AAF-FCFBC338FF51}.Release|Any CPU.Build.0 = Release|Any CPU
		{7B1BE8E4-9F92-DAAC-9DCB-D280FCEED158}.Debug|Any CPU.ActiveCfg = Debug|Any CPU
		{7B1BE8E4-9F92-DAAC-9DCB-D280FCEED158}.Debug|Any CPU.Build.0 = Debug|Any CPU
		{7B1BE8E4-9F92-DAAC-9DCB-D280FCEED158}.Release|Any CPU.ActiveCfg = Release|Any CPU
		{7B1BE8E4-9F92-DAAC-9DCB-D280FCEED158}.Release|Any CPU.Build.0 = Release|Any CPU
		{5F44C000-021A-7FA1-097A-650BA5084E82}.Debug|Any CPU.ActiveCfg = Debug|Any CPU
		{5F44C000-021A-7FA1-097A-650BA5084E82}.Debug|Any CPU.Build.0 = Debug|Any CPU
		{5F44C000-021A-7FA1-097A-650BA5084E82}.Release|Any CPU.ActiveCfg = Release|Any CPU
		{5F44C000-021A-7FA1-097A-650BA5084E82}.Release|Any CPU.Build.0 = Release|Any CPU
		{ABFC1854-35FE-74C7-D62B-8314F9C5B78C}.Debug|Any CPU.ActiveCfg = Debug|Any CPU
		{ABFC1854-35FE-74C7-D62B-8314F9C5B78C}.Debug|Any CPU.Build.0 = Debug|Any CPU
		{ABFC1854-35FE-74C7-D62B-8314F9C5B78C}.Release|Any CPU.ActiveCfg = Release|Any CPU
		{ABFC1854-35FE-74C7-D62B-8314F9C5B78C}.Release|Any CPU.Build.0 = Release|Any CPU
		{7F305FB6-2E04-092C-C036-1966A8CE7A7B}.Debug|Any CPU.ActiveCfg = Debug|Any CPU
		{7F305FB6-2E04-092C-C036-1966A8CE7A7B}.Debug|Any CPU.Build.0 = Debug|Any CPU
		{7F305FB6-2E04-092C-C036-1966A8CE7A7B}.Release|Any CPU.ActiveCfg = Release|Any CPU
		{7F305FB6-2E04-092C-C036-1966A8CE7A7B}.Release|Any CPU.Build.0 = Release|Any CPU
		{6052B333-C64F-0511-69BA-E79D5739EB0E}.Debug|Any CPU.ActiveCfg = Debug|Any CPU
		{6052B333-C64F-0511-69BA-E79D5739EB0E}.Debug|Any CPU.Build.0 = Debug|Any CPU
		{6052B333-C64F-0511-69BA-E79D5739EB0E}.Release|Any CPU.ActiveCfg = Release|Any CPU
		{6052B333-C64F-0511-69BA-E79D5739EB0E}.Release|Any CPU.Build.0 = Release|Any CPU
		{D84374B9-DB25-8795-1538-BA5488F225EE}.Debug|Any CPU.ActiveCfg = Debug|Any CPU
		{D84374B9-DB25-8795-1538-BA5488F225EE}.Debug|Any CPU.Build.0 = Debug|Any CPU
		{D84374B9-DB25-8795-1538-BA5488F225EE}.Release|Any CPU.ActiveCfg = Release|Any CPU
		{D84374B9-DB25-8795-1538-BA5488F225EE}.Release|Any CPU.Build.0 = Release|Any CPU
		{4806D8C2-965B-E0FA-1FE1-3D85855C0726}.Debug|Any CPU.ActiveCfg = Debug|Any CPU
		{4806D8C2-965B-E0FA-1FE1-3D85855C0726}.Debug|Any CPU.Build.0 = Debug|Any CPU
		{4806D8C2-965B-E0FA-1FE1-3D85855C0726}.Release|Any CPU.ActiveCfg = Release|Any CPU
		{4806D8C2-965B-E0FA-1FE1-3D85855C0726}.Release|Any CPU.Build.0 = Release|Any CPU
		{B479CCA2-BE34-CABD-7DBA-3E6C41A31B13}.Debug|Any CPU.ActiveCfg = Debug|Any CPU
		{B479CCA2-BE34-CABD-7DBA-3E6C41A31B13}.Debug|Any CPU.Build.0 = Debug|Any CPU
		{B479CCA2-BE34-CABD-7DBA-3E6C41A31B13}.Release|Any CPU.ActiveCfg = Release|Any CPU
		{B479CCA2-BE34-CABD-7DBA-3E6C41A31B13}.Release|Any CPU.Build.0 = Release|Any CPU
		{861C2EBB-08FE-F91A-32AD-36100A3DF664}.Debug|Any CPU.ActiveCfg = Debug|Any CPU
		{861C2EBB-08FE-F91A-32AD-36100A3DF664}.Debug|Any CPU.Build.0 = Debug|Any CPU
		{861C2EBB-08FE-F91A-32AD-36100A3DF664}.Release|Any CPU.ActiveCfg = Release|Any CPU
		{861C2EBB-08FE-F91A-32AD-36100A3DF664}.Release|Any CPU.Build.0 = Release|Any CPU
		{EBA0C23B-92B6-72F1-2251-758DC1F9F1B0}.Debug|Any CPU.ActiveCfg = Debug|Any CPU
		{EBA0C23B-92B6-72F1-2251-758DC1F9F1B0}.Debug|Any CPU.Build.0 = Debug|Any CPU
		{EBA0C23B-92B6-72F1-2251-758DC1F9F1B0}.Release|Any CPU.ActiveCfg = Release|Any CPU
		{EBA0C23B-92B6-72F1-2251-758DC1F9F1B0}.Release|Any CPU.Build.0 = Release|Any CPU
		{8405B44E-8F50-BB1F-C617-338924324F85}.Debug|Any CPU.ActiveCfg = Debug|Any CPU
		{8405B44E-8F50-BB1F-C617-338924324F85}.Debug|Any CPU.Build.0 = Debug|Any CPU
		{8405B44E-8F50-BB1F-C617-338924324F85}.Release|Any CPU.ActiveCfg = Release|Any CPU
		{8405B44E-8F50-BB1F-C617-338924324F85}.Release|Any CPU.Build.0 = Release|Any CPU
		{5728D1BE-9F5E-FE90-B6B5-B0E67A097B5F}.Debug|Any CPU.ActiveCfg = Debug|Any CPU
		{5728D1BE-9F5E-FE90-B6B5-B0E67A097B5F}.Debug|Any CPU.Build.0 = Debug|Any CPU
		{5728D1BE-9F5E-FE90-B6B5-B0E67A097B5F}.Release|Any CPU.ActiveCfg = Release|Any CPU
		{5728D1BE-9F5E-FE90-B6B5-B0E67A097B5F}.Release|Any CPU.Build.0 = Release|Any CPU
		{27455F5E-A7BB-BA09-63F5-8F153B1C31A8}.Debug|Any CPU.ActiveCfg = Debug|Any CPU
		{27455F5E-A7BB-BA09-63F5-8F153B1C31A8}.Debug|Any CPU.Build.0 = Debug|Any CPU
		{27455F5E-A7BB-BA09-63F5-8F153B1C31A8}.Release|Any CPU.ActiveCfg = Release|Any CPU
		{27455F5E-A7BB-BA09-63F5-8F153B1C31A8}.Release|Any CPU.Build.0 = Release|Any CPU
		{41CAD109-AED6-4C5F-D408-19BD091EF901}.Debug|Any CPU.ActiveCfg = Debug|Any CPU
		{41CAD109-AED6-4C5F-D408-19BD091EF901}.Debug|Any CPU.Build.0 = Debug|Any CPU
		{41CAD109-AED6-4C5F-D408-19BD091EF901}.Release|Any CPU.ActiveCfg = Release|Any CPU
		{41CAD109-AED6-4C5F-D408-19BD091EF901}.Release|Any CPU.Build.0 = Release|Any CPU
		{4AB1B95B-DB2F-0F31-D0BE-23928778BDC1}.Debug|Any CPU.ActiveCfg = Debug|Any CPU
		{4AB1B95B-DB2F-0F31-D0BE-23928778BDC1}.Debug|Any CPU.Build.0 = Debug|Any CPU
		{4AB1B95B-DB2F-0F31-D0BE-23928778BDC1}.Release|Any CPU.ActiveCfg = Release|Any CPU
		{4AB1B95B-DB2F-0F31-D0BE-23928778BDC1}.Release|Any CPU.Build.0 = Release|Any CPU
		{C9EB3828-4E7A-CA2A-E9C1-01A64FA47C04}.Debug|Any CPU.ActiveCfg = Debug|Any CPU
		{C9EB3828-4E7A-CA2A-E9C1-01A64FA47C04}.Debug|Any CPU.Build.0 = Debug|Any CPU
		{C9EB3828-4E7A-CA2A-E9C1-01A64FA47C04}.Release|Any CPU.ActiveCfg = Release|Any CPU
		{C9EB3828-4E7A-CA2A-E9C1-01A64FA47C04}.Release|Any CPU.Build.0 = Release|Any CPU
		{18F726C0-FFD1-E1EE-910A-AA128CAABC6A}.Debug|Any CPU.ActiveCfg = Debug|Any CPU
		{18F726C0-FFD1-E1EE-910A-AA128CAABC6A}.Debug|Any CPU.Build.0 = Debug|Any CPU
		{18F726C0-FFD1-E1EE-910A-AA128CAABC6A}.Release|Any CPU.ActiveCfg = Release|Any CPU
		{18F726C0-FFD1-E1EE-910A-AA128CAABC6A}.Release|Any CPU.Build.0 = Release|Any CPU
		{3B17FF46-8BB9-E819-8983-CBFE0114B535}.Debug|Any CPU.ActiveCfg = Debug|Any CPU
		{3B17FF46-8BB9-E819-8983-CBFE0114B535}.Debug|Any CPU.Build.0 = Debug|Any CPU
		{3B17FF46-8BB9-E819-8983-CBFE0114B535}.Release|Any CPU.ActiveCfg = Release|Any CPU
		{3B17FF46-8BB9-E819-8983-CBFE0114B535}.Release|Any CPU.Build.0 = Release|Any CPU
		{0D2DA17C-5D6C-58AC-9BE6-83A2E299847F}.Debug|Any CPU.ActiveCfg = Debug|Any CPU
		{0D2DA17C-5D6C-58AC-9BE6-83A2E299847F}.Debug|Any CPU.Build.0 = Debug|Any CPU
		{0D2DA17C-5D6C-58AC-9BE6-83A2E299847F}.Release|Any CPU.ActiveCfg = Release|Any CPU
		{0D2DA17C-5D6C-58AC-9BE6-83A2E299847F}.Release|Any CPU.Build.0 = Release|Any CPU
		{CD5559C5-EC50-0DDF-A05A-A2C4B951188C}.Debug|Any CPU.ActiveCfg = Debug|Any CPU
		{CD5559C5-EC50-0DDF-A05A-A2C4B951188C}.Debug|Any CPU.Build.0 = Debug|Any CPU
		{CD5559C5-EC50-0DDF-A05A-A2C4B951188C}.Release|Any CPU.ActiveCfg = Release|Any CPU
		{CD5559C5-EC50-0DDF-A05A-A2C4B951188C}.Release|Any CPU.Build.0 = Release|Any CPU
		{4F0A1EA7-926B-BEB4-AEE6-B4996D545DD8}.Debug|Any CPU.ActiveCfg = Debug|Any CPU
		{4F0A1EA7-926B-BEB4-AEE6-B4996D545DD8}.Debug|Any CPU.Build.0 = Debug|Any CPU
		{4F0A1EA7-926B-BEB4-AEE6-B4996D545DD8}.Release|Any CPU.ActiveCfg = Release|Any CPU
		{4F0A1EA7-926B-BEB4-AEE6-B4996D545DD8}.Release|Any CPU.Build.0 = Release|Any CPU
		{85EF7B4D-97E6-1CD6-7A14-7E6B686AF917}.Debug|Any CPU.ActiveCfg = Debug|Any CPU
		{85EF7B4D-97E6-1CD6-7A14-7E6B686AF917}.Debug|Any CPU.Build.0 = Debug|Any CPU
		{85EF7B4D-97E6-1CD6-7A14-7E6B686AF917}.Release|Any CPU.ActiveCfg = Release|Any CPU
		{85EF7B4D-97E6-1CD6-7A14-7E6B686AF917}.Release|Any CPU.Build.0 = Release|Any CPU
		{C3AD506D-3567-9494-9A09-78CC8390F09C}.Debug|Any CPU.ActiveCfg = Debug|Any CPU
		{C3AD506D-3567-9494-9A09-78CC8390F09C}.Debug|Any CPU.Build.0 = Debug|Any CPU
		{C3AD506D-3567-9494-9A09-78CC8390F09C}.Release|Any CPU.ActiveCfg = Release|Any CPU
		{C3AD506D-3567-9494-9A09-78CC8390F09C}.Release|Any CPU.Build.0 = Release|Any CPU
		{7CE7883D-B247-025B-3435-D10DA677C36A}.Debug|Any CPU.ActiveCfg = Debug|Any CPU
		{7CE7883D-B247-025B-3435-D10DA677C36A}.Debug|Any CPU.Build.0 = Debug|Any CPU
		{7CE7883D-B247-025B-3435-D10DA677C36A}.Release|Any CPU.ActiveCfg = Release|Any CPU
		{7CE7883D-B247-025B-3435-D10DA677C36A}.Release|Any CPU.Build.0 = Release|Any CPU
	EndGlobalSection
	GlobalSection(SolutionProperties) = preSolution
		HideSolutionNode = FALSE
	EndGlobalSection
EndGlobal
