
Microsoft Visual Studio Solution File, Format Version 12.00
# Visual Studio 15
Project("{FAE04EC0-301F-11D3-BF4B-00C04F79EFBC}") = "Assembly-CSharp", "Assembly-CSharp.csproj", "{42BD6E5C-C6F0-1618-A195-8A5C1269CDA1}"
EndProject
Project("{FAE04EC0-301F-11D3-BF4B-00C04F79EFBC}") = "Meryel.CodeAssist.Editor", "Meryel.CodeAssist.Editor.csproj", "{AEB4FBC2-4F5A-C6DD-C905-012C4BB5D77B}"
EndProject
Project("{FAE04EC0-301F-11D3-BF4B-00C04F79EFBC}") = "Assembly-CSharp", "Assembly-CSharp.Player.csproj", "{4AB1B95B-DB2F-0F31-D0BE-23928778BDC1}"
EndProject
Global
	GlobalSection(SolutionConfigurationPlatforms) = preSolution
		Debug|Any CPU = Debug|Any CPU
		Release|Any CPU = Release|Any CPU
	EndGlobalSection
	GlobalSection(ProjectConfigurationPlatforms) = postSolution
		{42BD6E5C-C6F0-1618-A195-8A5C1269CDA1}.Debug|Any CPU.ActiveCfg = Debug|Any CPU
		{42BD6E5C-C6F0-1618-A195-8A5C1269CDA1}.Debug|Any CPU.Build.0 = Debug|Any CPU
		{42BD6E5C-C6F0-1618-A195-8A5C1269CDA1}.Release|Any CPU.ActiveCfg = Release|Any CPU
		{42BD6E5C-C6F0-1618-A195-8A5C1269CDA1}.Release|Any CPU.Build.0 = Release|Any CPU
		{AEB4FBC2-4F5A-C6DD-C905-012C4BB5D77B}.Debug|Any CPU.ActiveCfg = Debug|Any CPU
		{AEB4FBC2-4F5A-C6DD-C905-012C4BB5D77B}.Debug|Any CPU.Build.0 = Debug|Any CPU
		{AEB4FBC2-4F5A-C6DD-C905-012C4BB5D77B}.Release|Any CPU.ActiveCfg = Release|Any CPU
		{AEB4FBC2-4F5A-C6DD-C905-012C4BB5D77B}.Release|Any CPU.Build.0 = Release|Any CPU
		{4AB1B95B-DB2F-0F31-D0BE-23928778BDC1}.Debug|Any CPU.ActiveCfg = Debug|Any CPU
		{4AB1B95B-DB2F-0F31-D0BE-23928778BDC1}.Debug|Any CPU.Build.0 = Debug|Any CPU
		{4AB1B95B-DB2F-0F31-D0BE-23928778BDC1}.Release|Any CPU.ActiveCfg = Release|Any CPU
		{4AB1B95B-DB2F-0F31-D0BE-23928778BDC1}.Release|Any CPU.Build.0 = Release|Any CPU
	EndGlobalSection
	GlobalSection(SolutionProperties) = preSolution
		HideSolutionNode = FALSE
	EndGlobalSection
EndGlobal
